// !$*UTF8*$!
{
	archiveVersion = 1;
	classes = {
	};
	objectVersion = 48;
	objects = {

/* Begin PBXBuildFile section */
		ED808C841F86649B00994F02 /* AppDelegate.swift in Sources */ = {isa = PBXBuildFile; fileRef = ED808C831F86649B00994F02 /* AppDelegate.swift */; };
		ED808C861F86649B00994F02 /* ViewController.swift in Sources */ = {isa = PBXBuildFile; fileRef = ED808C851F86649B00994F02 /* ViewController.swift */; };
		ED808C891F86649B00994F02 /* Main.storyboard in Resources */ = {isa = PBXBuildFile; fileRef = ED808C871F86649B00994F02 /* Main.storyboard */; };
		ED808C8B1F86649B00994F02 /* Assets.xcassets in Resources */ = {isa = PBXBuildFile; fileRef = ED808C8A1F86649B00994F02 /* Assets.xcassets */; };
		ED808C8E1F86649B00994F02 /* LaunchScreen.storyboard in Resources */ = {isa = PBXBuildFile; fileRef = ED808C8C1F86649B00994F02 /* LaunchScreen.storyboard */; };
		ED808C991F86649B00994F02 /* Homework1Tests.swift in Sources */ = {isa = PBXBuildFile; fileRef = ED808C981F86649B00994F02 /* Homework1Tests.swift */; };
		ED808CA41F86649B00994F02 /* Homework1UITests.swift in Sources */ = {isa = PBXBuildFile; fileRef = ED808CA31F86649B00994F02 /* Homework1UITests.swift */; };
/* End PBXBuildFile section */

/* Begin PBXContainerItemProxy section */
		ED808C951F86649B00994F02 /* PBXContainerItemProxy */ = {
			isa = PBXContainerItemProxy;
			containerPortal = ED808C781F86649A00994F02 /* Project object */;
			proxyType = 1;
			remoteGlobalIDString = ED808C7F1F86649B00994F02;
			remoteInfo = Homework1;
		};
		ED808CA01F86649B00994F02 /* PBXContainerItemProxy */ = {
			isa = PBXContainerItemProxy;
			containerPortal = ED808C781F86649A00994F02 /* Project object */;
			proxyType = 1;
			remoteGlobalIDString = ED808C7F1F86649B00994F02;
			remoteInfo = Homework1;
		};
/* End PBXContainerItemProxy section */

/* Begin PBXFileReference section */
		ED808C801F86649B00994F02 /* Homework1.app */ = {isa = PBXFileReference; explicitFileType = wrapper.application; includeInIndex = 0; path = Homework1.app; sourceTree = BUILT_PRODUCTS_DIR; };
		ED808C831F86649B00994F02 /* AppDelegate.swift */ = {isa = PBXFileReference; lastKnownFileType = sourcecode.swift; path = AppDelegate.swift; sourceTree = "<group>"; };
		ED808C851F86649B00994F02 /* ViewController.swift */ = {isa = PBXFileReference; lastKnownFileType = sourcecode.swift; path = ViewController.swift; sourceTree = "<group>"; };
		ED808C881F86649B00994F02 /* Base */ = {isa = PBXFileReference; lastKnownFileType = file.storyboard; name = Base; path = Base.lproj/Main.storyboard; sourceTree = "<group>"; };
		ED808C8A1F86649B00994F02 /* Assets.xcassets */ = {isa = PBXFileReference; lastKnownFileType = folder.assetcatalog; path = Assets.xcassets; sourceTree = "<group>"; };
		ED808C8D1F86649B00994F02 /* Base */ = {isa = PBXFileReference; lastKnownFileType = file.storyboard; name = Base; path = Base.lproj/LaunchScreen.storyboard; sourceTree = "<group>"; };
		ED808C8F1F86649B00994F02 /* Info.plist */ = {isa = PBXFileReference; lastKnownFileType = text.plist.xml; path = Info.plist; sourceTree = "<group>"; };
		ED808C941F86649B00994F02 /* Homework1Tests.xctest */ = {isa = PBXFileReference; explicitFileType = wrapper.cfbundle; includeInIndex = 0; path = Homework1Tests.xctest; sourceTree = BUILT_PRODUCTS_DIR; };
		ED808C981F86649B00994F02 /* Homework1Tests.swift */ = {isa = PBXFileReference; lastKnownFileType = sourcecode.swift; path = Homework1Tests.swift; sourceTree = "<group>"; };
		ED808C9A1F86649B00994F02 /* Info.plist */ = {isa = PBXFileReference; lastKnownFileType = text.plist.xml; path = Info.plist; sourceTree = "<group>"; };
		ED808C9F1F86649B00994F02 /* Homework1UITests.xctest */ = {isa = PBXFileReference; explicitFileType = wrapper.cfbundle; includeInIndex = 0; path = Homework1UITests.xctest; sourceTree = BUILT_PRODUCTS_DIR; };
		ED808CA31F86649B00994F02 /* Homework1UITests.swift */ = {isa = PBXFileReference; lastKnownFileType = sourcecode.swift; path = Homework1UITests.swift; sourceTree = "<group>"; };
		ED808CA51F86649B00994F02 /* Info.plist */ = {isa = PBXFileReference; lastKnownFileType = text.plist.xml; path = Info.plist; sourceTree = "<group>"; };
/* End PBXFileReference section */

/* Begin PBXFrameworksBuildPhase section */
		ED808C7D1F86649B00994F02 /* Frameworks */ = {
			isa = PBXFrameworksBuildPhase;
			buildActionMask = 2147483647;
			files = (
			);
			runOnlyForDeploymentPostprocessing = 0;
		};
		ED808C911F86649B00994F02 /* Frameworks */ = {
			isa = PBXFrameworksBuildPhase;
			buildActionMask = 2147483647;
			files = (
			);
			runOnlyForDeploymentPostprocessing = 0;
		};
		ED808C9C1F86649B00994F02 /* Frameworks */ = {
			isa = PBXFrameworksBuildPhase;
			buildActionMask = 2147483647;
			files = (
			);
			runOnlyForDeploymentPostprocessing = 0;
		};
/* End PBXFrameworksBuildPhase section */

/* Begin PBXGroup section */
		ED808C771F86649A00994F02 = {
			isa = PBXGroup;
			children = (
				ED808C821F86649B00994F02 /* Homework1 */,
				ED808C971F86649B00994F02 /* Homework1Tests */,
				ED808CA21F86649B00994F02 /* Homework1UITests */,
				ED808C811F86649B00994F02 /* Products */,
			);
			sourceTree = "<group>";
		};
		ED808C811F86649B00994F02 /* Products */ = {
			isa = PBXGroup;
			children = (
				ED808C801F86649B00994F02 /* Homework1.app */,
				ED808C941F86649B00994F02 /* Homework1Tests.xctest */,
				ED808C9F1F86649B00994F02 /* Homework1UITests.xctest */,
			);
			name = Products;
			sourceTree = "<group>";
		};
		ED808C821F86649B00994F02 /* Homework1 */ = {
			isa = PBXGroup;
			children = (
				ED808C831F86649B00994F02 /* AppDelegate.swift */,
				ED808C851F86649B00994F02 /* ViewController.swift */,
				ED808C871F86649B00994F02 /* Main.storyboard */,
				ED808C8A1F86649B00994F02 /* Assets.xcassets */,
				ED808C8C1F86649B00994F02 /* LaunchScreen.storyboard */,
				ED808C8F1F86649B00994F02 /* Info.plist */,
			);
			path = Homework1;
			sourceTree = "<group>";
		};
		ED808C971F86649B00994F02 /* Homework1Tests */ = {
			isa = PBXGroup;
			children = (
				ED808C981F86649B00994F02 /* Homework1Tests.swift */,
				ED808C9A1F86649B00994F02 /* Info.plist */,
			);
			path = Homework1Tests;
			sourceTree = "<group>";
		};
		ED808CA21F86649B00994F02 /* Homework1UITests */ = {
			isa = PBXGroup;
			children = (
				ED808CA31F86649B00994F02 /* Homework1UITests.swift */,
				ED808CA51F86649B00994F02 /* Info.plist */,
			);
			path = Homework1UITests;
			sourceTree = "<group>";
		};
/* End PBXGroup section */

/* Begin PBXNativeTarget section */
		ED808C7F1F86649B00994F02 /* Homework1 */ = {
			isa = PBXNativeTarget;
			buildConfigurationList = ED808CA81F86649B00994F02 /* Build configuration list for PBXNativeTarget "Homework1" */;
			buildPhases = (
				ED808C7C1F86649B00994F02 /* Sources */,
				ED808C7D1F86649B00994F02 /* Frameworks */,
				ED808C7E1F86649B00994F02 /* Resources */,
			);
			buildRules = (
			);
			dependencies = (
			);
			name = Homework1;
			productName = Homework1;
			productReference = ED808C801F86649B00994F02 /* Homework1.app */;
			productType = "com.apple.product-type.application";
		};
		ED808C931F86649B00994F02 /* Homework1Tests */ = {
			isa = PBXNativeTarget;
			buildConfigurationList = ED808CAB1F86649B00994F02 /* Build configuration list for PBXNativeTarget "Homework1Tests" */;
			buildPhases = (
				ED808C901F86649B00994F02 /* Sources */,
				ED808C911F86649B00994F02 /* Frameworks */,
				ED808C921F86649B00994F02 /* Resources */,
			);
			buildRules = (
			);
			dependencies = (
				ED808C961F86649B00994F02 /* PBXTargetDependency */,
			);
			name = Homework1Tests;
			productName = Homework1Tests;
			productReference = ED808C941F86649B00994F02 /* Homework1Tests.xctest */;
			productType = "com.apple.product-type.bundle.unit-test";
		};
		ED808C9E1F86649B00994F02 /* Homework1UITests */ = {
			isa = PBXNativeTarget;
			buildConfigurationList = ED808CAE1F86649B00994F02 /* Build configuration list for PBXNativeTarget "Homework1UITests" */;
			buildPhases = (
				ED808C9B1F86649B00994F02 /* Sources */,
				ED808C9C1F86649B00994F02 /* Frameworks */,
				ED808C9D1F86649B00994F02 /* Resources */,
			);
			buildRules = (
			);
			dependencies = (
				ED808CA11F86649B00994F02 /* PBXTargetDependency */,
			);
			name = Homework1UITests;
			productName = Homework1UITests;
			productReference = ED808C9F1F86649B00994F02 /* Homework1UITests.xctest */;
			productType = "com.apple.product-type.bundle.ui-testing";
		};
/* End PBXNativeTarget section */

/* Begin PBXProject section */
		ED808C781F86649A00994F02 /* Project object */ = {
			isa = PBXProject;
			attributes = {
				LastSwiftUpdateCheck = 0900;
				LastUpgradeCheck = 0900;
				ORGANIZATIONNAME = HongRuWu;
				TargetAttributes = {
					ED808C7F1F86649B00994F02 = {
						CreatedOnToolsVersion = 9.0;
						ProvisioningStyle = Automatic;
					};
					ED808C931F86649B00994F02 = {
						CreatedOnToolsVersion = 9.0;
						ProvisioningStyle = Automatic;
						TestTargetID = ED808C7F1F86649B00994F02;
					};
					ED808C9E1F86649B00994F02 = {
						CreatedOnToolsVersion = 9.0;
						ProvisioningStyle = Automatic;
						TestTargetID = ED808C7F1F86649B00994F02;
					};
				};
			};
			buildConfigurationList = ED808C7B1F86649A00994F02 /* Build configuration list for PBXProject "Homework1" */;
			compatibilityVersion = "Xcode 8.0";
			developmentRegion = en;
			hasScannedForEncodings = 0;
			knownRegions = (
				en,
				Base,
			);
			mainGroup = ED808C771F86649A00994F02;
			productRefGroup = ED808C811F86649B00994F02 /* Products */;
			projectDirPath = "";
			projectRoot = "";
			targets = (
				ED808C7F1F86649B00994F02 /* Homework1 */,
				ED808C931F86649B00994F02 /* Homework1Tests */,
				ED808C9E1F86649B00994F02 /* Homework1UITests */,
			);
		};
/* End PBXProject section */

/* Begin PBXResourcesBuildPhase section */
		ED808C7E1F86649B00994F02 /* Resources */ = {
			isa = PBXResourcesBuildPhase;
			buildActionMask = 2147483647;
			files = (
				ED808C8E1F86649B00994F02 /* LaunchScreen.storyboard in Resources */,
				ED808C8B1F86649B00994F02 /* Assets.xcassets in Resources */,
				ED808C891F86649B00994F02 /* Main.storyboard in Resources */,
			);
			runOnlyForDeploymentPostprocessing = 0;
		};
		ED808C921F86649B00994F02 /* Resources */ = {
			isa = PBXResourcesBuildPhase;
			buildActionMask = 2147483647;
			files = (
			);
			runOnlyForDeploymentPostprocessing = 0;
		};
		ED808C9D1F86649B00994F02 /* Resources */ = {
			isa = PBXResourcesBuildPhase;
			buildActionMask = 2147483647;
			files = (
			);
			runOnlyForDeploymentPostprocessing = 0;
		};
/* End PBXResourcesBuildPhase section */

/* Begin PBXSourcesBuildPhase section */
		ED808C7C1F86649B00994F02 /* Sources */ = {
			isa = PBXSourcesBuildPhase;
			buildActionMask = 2147483647;
			files = (
				ED808C861F86649B00994F02 /* ViewController.swift in Sources */,
				ED808C841F86649B00994F02 /* AppDelegate.swift in Sources */,
			);
			runOnlyForDeploymentPostprocessing = 0;
		};
		ED808C901F86649B00994F02 /* Sources */ = {
			isa = PBXSourcesBuildPhase;
			buildActionMask = 2147483647;
			files = (
				ED808C991F86649B00994F02 /* Homework1Tests.swift in Sources */,
			);
			runOnlyForDeploymentPostprocessing = 0;
		};
		ED808C9B1F86649B00994F02 /* Sources */ = {
			isa = PBXSourcesBuildPhase;
			buildActionMask = 2147483647;
			files = (
				ED808CA41F86649B00994F02 /* Homework1UITests.swift in Sources */,
			);
			runOnlyForDeploymentPostprocessing = 0;
		};
/* End PBXSourcesBuildPhase section */

/* Begin PBXTargetDependency section */
		ED808C961F86649B00994F02 /* PBXTargetDependency */ = {
			isa = PBXTargetDependency;
			target = ED808C7F1F86649B00994F02 /* Homework1 */;
			targetProxy = ED808C951F86649B00994F02 /* PBXContainerItemProxy */;
		};
		ED808CA11F86649B00994F02 /* PBXTargetDependency */ = {
			isa = PBXTargetDependency;
			target = ED808C7F1F86649B00994F02 /* Homework1 */;
			targetProxy = ED808CA01F86649B00994F02 /* PBXContainerItemProxy */;
		};
/* End PBXTargetDependency section */

/* Begin PBXVariantGroup section */
		ED808C871F86649B00994F02 /* Main.storyboard */ = {
			isa = PBXVariantGroup;
			children = (
				ED808C881F86649B00994F02 /* Base */,
			);
			name = Main.storyboard;
			sourceTree = "<group>";
		};
		ED808C8C1F86649B00994F02 /* LaunchScreen.storyboard */ = {
			isa = PBXVariantGroup;
			children = (
				ED808C8D1F86649B00994F02 /* Base */,
			);
			name = LaunchScreen.storyboard;
			sourceTree = "<group>";
		};
/* End PBXVariantGroup section */

/* Begin XCBuildConfiguration section */
		ED808CA61F86649B00994F02 /* Debug */ = {
			isa = XCBuildConfiguration;
			buildSettings = {
				ALWAYS_SEARCH_USER_PATHS = NO;
				CLANG_ANALYZER_NONNULL = YES;
				CLANG_ANALYZER_NUMBER_OBJECT_CONVERSION = YES_AGGRESSIVE;
				CLANG_CXX_LANGUAGE_STANDARD = "gnu++14";
				CLANG_CXX_LIBRARY = "libc++";
				CLANG_ENABLE_MODULES = YES;
				CLANG_ENABLE_OBJC_ARC = YES;
				CLANG_WARN_BLOCK_CAPTURE_AUTORELEASING = YES;
				CLANG_WARN_BOOL_CONVERSION = YES;
				CLANG_WARN_COMMA = YES;
				CLANG_WARN_CONSTANT_CONVERSION = YES;
				CLANG_WARN_DIRECT_OBJC_ISA_USAGE = YES_ERROR;
				CLANG_WARN_DOCUMENTATION_COMMENTS = YES;
				CLANG_WARN_EMPTY_BODY = YES;
				CLANG_WARN_ENUM_CONVERSION = YES;
				CLANG_WARN_INFINITE_RECURSION = YES;
				CLANG_WARN_INT_CONVERSION = YES;
				CLANG_WARN_NON_LITERAL_NULL_CONVERSION = YES;
				CLANG_WARN_OBJC_LITERAL_CONVERSION = YES;
				CLANG_WARN_OBJC_ROOT_CLASS = YES_ERROR;
				CLANG_WARN_RANGE_LOOP_ANALYSIS = YES;
				CLANG_WARN_STRICT_PROTOTYPES = YES;
				CLANG_WARN_SUSPICIOUS_MOVE = YES;
				CLANG_WARN_UNGUARDED_AVAILABILITY = YES_AGGRESSIVE;
				CLANG_WARN_UNREACHABLE_CODE = YES;
				CLANG_WARN__DUPLICATE_METHOD_MATCH = YES;
				CODE_SIGN_IDENTITY = "iPhone Developer";
				COPY_PHASE_STRIP = NO;
				DEBUG_INFORMATION_FORMAT = dwarf;
				ENABLE_STRICT_OBJC_MSGSEND = YES;
				ENABLE_TESTABILITY = YES;
				GCC_C_LANGUAGE_STANDARD = gnu11;
				GCC_DYNAMIC_NO_PIC = NO;
				GCC_NO_COMMON_BLOCKS = YES;
				GCC_OPTIMIZATION_LEVEL = 0;
				GCC_PREPROCESSOR_DEFINITIONS = (
					"DEBUG=1",
					"$(inherited)",
				);
				GCC_WARN_64_TO_32_BIT_CONVERSION = YES;
				GCC_WARN_ABOUT_RETURN_TYPE = YES_ERROR;
				GCC_WARN_UNDECLARED_SELECTOR = YES;
				GCC_WARN_UNINITIALIZED_AUTOS = YES_AGGRESSIVE;
				GCC_WARN_UNUSED_FUNCTION = YES;
				GCC_WARN_UNUSED_VARIABLE = YES;
				IPHONEOS_DEPLOYMENT_TARGET = 11.0;
				MTL_ENABLE_DEBUG_INFO = YES;
				ONLY_ACTIVE_ARCH = YES;
				SDKROOT = iphoneos;
				SWIFT_ACTIVE_COMPILATION_CONDITIONS = DEBUG;
				SWIFT_OPTIMIZATION_LEVEL = "-Onone";
			};
			name = Debug;
		};
		ED808CA71F86649B00994F02 /* Release */ = {
			isa = XCBuildConfiguration;
			buildSettings = {
				ALWAYS_SEARCH_USER_PATHS = NO;
				CLANG_ANALYZER_NONNULL = YES;
				CLANG_ANALYZER_NUMBER_OBJECT_CONVERSION = YES_AGGRESSIVE;
				CLANG_CXX_LANGUAGE_STANDARD = "gnu++14";
				CLANG_CXX_LIBRARY = "libc++";
				CLANG_ENABLE_MODULES = YES;
				CLANG_ENABLE_OBJC_ARC = YES;
				CLANG_WARN_BLOCK_CAPTURE_AUTORELEASING = YES;
				CLANG_WARN_BOOL_CONVERSION = YES;
				CLANG_WARN_COMMA = YES;
				CLANG_WARN_CONSTANT_CONVERSION = YES;
				CLANG_WARN_DIRECT_OBJC_ISA_USAGE = YES_ERROR;
				CLANG_WARN_DOCUMENTATION_COMMENTS = YES;
				CLANG_WARN_EMPTY_BODY = YES;
				CLANG_WARN_ENUM_CONVERSION = YES;
				CLANG_WARN_INFINITE_RECURSION = YES;
				CLANG_WARN_INT_CONVERSION = YES;
				CLANG_WARN_NON_LITERAL_NULL_CONVERSION = YES;
				CLANG_WARN_OBJC_LITERAL_CONVERSION = YES;
				CLANG_WARN_OBJC_ROOT_CLASS = YES_ERROR;
				CLANG_WARN_RANGE_LOOP_ANALYSIS = YES;
				CLANG_WARN_STRICT_PROTOTYPES = YES;
				CLANG_WARN_SUSPICIOUS_MOVE = YES;
				CLANG_WARN_UNGUARDED_AVAILABILITY = YES_AGGRESSIVE;
				CLANG_WARN_UNREACHABLE_CODE = YES;
				CLANG_WARN__DUPLICATE_METHOD_MATCH = YES;
				CODE_SIGN_IDENTITY = "iPhone Developer";
				COPY_PHASE_STRIP = NO;
				DEBUG_INFORMATION_FORMAT = "dwarf-with-dsym";
				ENABLE_NS_ASSERTIONS = NO;
				ENABLE_STRICT_OBJC_MSGSEND = YES;
				GCC_C_LANGUAGE_STANDARD = gnu11;
				GCC_NO_COMMON_BLOCKS = YES;
				GCC_WARN_64_TO_32_BIT_CONVERSION = YES;
				GCC_WARN_ABOUT_RETURN_TYPE = YES_ERROR;
				GCC_WARN_UNDECLARED_SELECTOR = YES;
				GCC_WARN_UNINITIALIZED_AUTOS = YES_AGGRESSIVE;
				GCC_WARN_UNUSED_FUNCTION = YES;
				GCC_WARN_UNUSED_VARIABLE = YES;
				IPHONEOS_DEPLOYMENT_TARGET = 11.0;
				MTL_ENABLE_DEBUG_INFO = NO;
				SDKROOT = iphoneos;
				SWIFT_OPTIMIZATION_LEVEL = "-Owholemodule";
				VALIDATE_PRODUCT = YES;
			};
			name = Release;
		};
		ED808CA91F86649B00994F02 /* Debug */ = {
			isa = XCBuildConfiguration;
			buildSettings = {
				ASSETCATALOG_COMPILER_APPICON_NAME = AppIcon;
				CODE_SIGN_STYLE = Automatic;
				DEVELOPMENT_TEAM = 75938Q3DN8;
				INFOPLIST_FILE = Homework1/Info.plist;
				LD_RUNPATH_SEARCH_PATHS = "$(inherited) @executable_path/Frameworks";
				PRODUCT_BUNDLE_IDENTIFIER = com.IOSClass.Homework1;
				PRODUCT_NAME = "$(TARGET_NAME)";
				SWIFT_VERSION = 4.0;
				TARGETED_DEVICE_FAMILY = "1,2";
			};
			name = Debug;
		};
		ED808CAA1F86649B00994F02 /* Release */ = {
			isa = XCBuildConfiguration;
			buildSettings = {
				ASSETCATALOG_COMPILER_APPICON_NAME = AppIcon;
				CODE_SIGN_STYLE = Automatic;
				DEVELOPMENT_TEAM = 75938Q3DN8;
				INFOPLIST_FILE = Homework1/Info.plist;
				LD_RUNPATH_SEARCH_PATHS = "$(inherited) @executable_path/Frameworks";
				PRODUCT_BUNDLE_IDENTIFIER = com.IOSClass.Homework1;
				PRODUCT_NAME = "$(TARGET_NAME)";
				SWIFT_VERSION = 4.0;
				TARGETED_DEVICE_FAMILY = "1,2";
			};
			name = Release;
		};
		ED808CAC1F86649B00994F02 /* Debug */ = {
			isa = XCBuildConfiguration;
			buildSettings = {
				ALWAYS_EMBED_SWIFT_STANDARD_LIBRARIES = YES;
				BUNDLE_LOADER = "$(TEST_HOST)";
				CODE_SIGN_STYLE = Automatic;
				DEVELOPMENT_TEAM = 75938Q3DN8;
				INFOPLIST_FILE = Homework1Tests/Info.plist;
				LD_RUNPATH_SEARCH_PATHS = "$(inherited) @executable_path/Frameworks @loader_path/Frameworks";
				PRODUCT_BUNDLE_IDENTIFIER = com.IOSClass.Homework1Tests;
				PRODUCT_NAME = "$(TARGET_NAME)";
				SWIFT_VERSION = 4.0;
				TARGETED_DEVICE_FAMILY = "1,2";
				TEST_HOST = "$(BUILT_PRODUCTS_DIR)/Homework1.app/Homework1";
			};
			name = Debug;
		};
		ED808CAD1F86649B00994F02 /* Release */ = {
			isa = XCBuildConfiguration;
			buildSettings = {
				ALWAYS_EMBED_SWIFT_STANDARD_LIBRARIES = YES;
				BUNDLE_LOADER = "$(TEST_HOST)";
				CODE_SIGN_STYLE = Automatic;
				DEVELOPMENT_TEAM = 75938Q3DN8;
				INFOPLIST_FILE = Homework1Tests/Info.plist;
				LD_RUNPATH_SEARCH_PATHS = "$(inherited) @executable_path/Frameworks @loader_path/Frameworks";
				PRODUCT_BUNDLE_IDENTIFIER = com.IOSClass.Homework1Tests;
				PRODUCT_NAME = "$(TARGET_NAME)";
				SWIFT_VERSION = 4.0;
				TARGETED_DEVICE_FAMILY = "1,2";
				TEST_HOST = "$(BUILT_PRODUCTS_DIR)/Homework1.app/Homework1";
			};
			name = Release;
		};
		ED808CAF1F86649B00994F02 /* Debug */ = {
			isa = XCBuildConfiguration;
			buildSettings = {
				ALWAYS_EMBED_SWIFT_STANDARD_LIBRARIES = YES;
				CODE_SIGN_STYLE = Automatic;
				DEVELOPMENT_TEAM = 75938Q3DN8;
				INFOPLIST_FILE = Homework1UITests/Info.plist;
				LD_RUNPATH_SEARCH_PATHS = "$(inherited) @executable_path/Frameworks @loader_path/Frameworks";
				PRODUCT_BUNDLE_IDENTIFIER = com.IOSClass.Homework1UITests;
				PRODUCT_NAME = "$(TARGET_NAME)";
				SWIFT_VERSION = 4.0;
				TARGETED_DEVICE_FAMILY = "1,2";
				TEST_TARGET_NAME = Homework1;
			};
			name = Debug;
		};
		ED808CB01F86649B00994F02 /* Release */ = {
			isa = XCBuildConfiguration;
			buildSettings = {
				ALWAYS_EMBED_SWIFT_STANDARD_LIBRARIES = YES;
				CODE_SIGN_STYLE = Automatic;
				DEVELOPMENT_TEAM = 75938Q3DN8;
				INFOPLIST_FILE = Homework1UITests/Info.plist;
				LD_RUNPATH_SEARCH_PATHS = "$(inherited) @executable_path/Frameworks @loader_path/Frameworks";
				PRODUCT_BUNDLE_IDENTIFIER = com.IOSClass.Homework1UITests;
				PRODUCT_NAME = "$(TARGET_NAME)";
				SWIFT_VERSION = 4.0;
				TARGETED_DEVICE_FAMILY = "1,2";
				TEST_TARGET_NAME = Homework1;
			};
			name = Release;
		};
/* End XCBuildConfiguration section */

/* Begin XCConfigurationList section */
		ED808C7B1F86649A00994F02 /* Build configuration list for PBXProject "Homework1" */ = {
			isa = XCConfigurationList;
			buildConfigurations = (
				ED808CA61F86649B00994F02 /* Debug */,
				ED808CA71F86649B00994F02 /* Release */,
			);
			defaultConfigurationIsVisible = 0;
			defaultConfigurationName = Release;
		};
		ED808CA81F86649B00994F02 /* Build configuration list for PBXNativeTarget "Homework1" */ = {
			isa = XCConfigurationList;
			buildConfigurations = (
				ED808CA91F86649B00994F02 /* Debug */,
				ED808CAA1F86649B00994F02 /* Release */,
			);
			defaultConfigurationIsVisible = 0;
			defaultConfigurationName = Release;
		};
		ED808CAB1F86649B00994F02 /* Build configuration list for PBXNativeTarget "Homework1Tests" */ = {
			isa = XCConfigurationList;
			buildConfigurations = (
				ED808CAC1F86649B00994F02 /* Debug */,
				ED808CAD1F86649B00994F02 /* Release */,
			);
			defaultConfigurationIsVisible = 0;
			defaultConfigurationName = Release;
		};
		ED808CAE1F86649B00994F02 /* Build configuration list for PBXNativeTarget "Homework1UITests" */ = {
			isa = XCConfigurationList;
			buildConfigurations = (
				ED808CAF1F86649B00994F02 /* Debug */,
				ED808CB01F86649B00994F02 /* Release */,
			);
			defaultConfigurationIsVisible = 0;
			defaultConfigurationName = Release;
		};
/* End XCConfigurationList section */
	};
	rootObject = ED808C781F86649A00994F02 /* Project object */;
}
